
Microsoft Visual Studio Solution File, Format Version 12.00
# Visual Studio 15
VisualStudioVersion = 15.0.28010.2036
MinimumVisualStudioVersion = 10.0.40219.1
Project("{FAE04EC0-301F-11D3-BF4B-00C04F79EFBC}") = "CateringModuloAdministrativo", "CateringModuloAdministrativo\CateringModuloAdministrativo.csproj", "{BF021F02-5373-4EC4-B636-B93ADB45BF5D}"
EndProject
Project("{2150E333-8FDC-42A3-9474-1A3956D46DE8}") = "1.Presentacion", "1.Presentacion", "{D65436F7-FE43-4DAD-BB8C-5C665564514E}"
EndProject
Project("{2150E333-8FDC-42A3-9474-1A3956D46DE8}") = "2.Servicios", "2.Servicios", "{FBCBC1C6-87F6-40D4-8122-17B1E848CA0D}"
EndProject
Project("{2150E333-8FDC-42A3-9474-1A3956D46DE8}") = "3.Dominio", "3.Dominio", "{2A5CE447-927F-4AA3-A875-2D906A2955E8}"
EndProject
Project("{2150E333-8FDC-42A3-9474-1A3956D46DE8}") = "4.Infraestructura", "4.Infraestructura", "{47F840CB-7543-474A-A634-214549FC6EE3}"
EndProject
Project("{2150E333-8FDC-42A3-9474-1A3956D46DE8}") = "Web", "Web", "{AEF5A842-CD12-4DBC-93D7-98BA803B69DD}"
EndProject
Project("{2150E333-8FDC-42A3-9474-1A3956D46DE8}") = "ASP .NET MVC", "ASP .NET MVC", "{79CBA39D-A56E-437B-BDF3-CD8F16214EDB}"
EndProject
Project("{2150E333-8FDC-42A3-9474-1A3956D46DE8}") = "Core", "Core", "{3129C519-6B7C-4FBA-B883-6A9BDB7C995C}"
EndProject
Project("{2150E333-8FDC-42A3-9474-1A3956D46DE8}") = "Main Module", "Main Module", "{7487EAB2-1114-49A9-B3AD-6E0716876303}"
EndProject
Project("{2150E333-8FDC-42A3-9474-1A3956D46DE8}") = "Data", "Data", "{E6F8B440-2DB8-422D-B009-540E92ADC029}"
EndProject
Project("{FAE04EC0-301F-11D3-BF4B-00C04F79EFBC}") = "Dominio.Core.Entities", "Dominio.Core.Entities\Dominio.Core.Entities.csproj", "{9E304784-5740-4EC4-9C26-A336D1719CEA}"
EndProject
Project("{FAE04EC0-301F-11D3-BF4B-00C04F79EFBC}") = "Dominio.Core.MainModule", "Dominio.Core.MainModule\Dominio.Core.MainModule.csproj", "{F3789AE2-EA80-432F-838D-ABA3D9DFE648}"
EndProject
Project("{FAE04EC0-301F-11D3-BF4B-00C04F79EFBC}") = "Infraestructura.Data.MySql", "Infraestructura.Data.MySql\Infraestructura.Data.MySql.csproj", "{10607254-168F-403F-BAD0-1F0881B8DA3D}"
EndProject
Project("{2150E333-8FDC-42A3-9474-1A3956D46DE8}") = "DataBase", "DataBase", "{6750E0EB-F884-4698-BBDD-6B0C2637064A}"
	ProjectSection(SolutionItems) = preProject
		BD_Catering.sql = BD_Catering.sql
	EndProjectSection
EndProject
Global
	GlobalSection(SolutionConfigurationPlatforms) = preSolution
		Debug|Any CPU = Debug|Any CPU
		Release|Any CPU = Release|Any CPU
	EndGlobalSection
	GlobalSection(ProjectConfigurationPlatforms) = postSolution
		{BF021F02-5373-4EC4-B636-B93ADB45BF5D}.Debug|Any CPU.ActiveCfg = Debug|Any CPU
		{BF021F02-5373-4EC4-B636-B93ADB45BF5D}.Debug|Any CPU.Build.0 = Debug|Any CPU
		{BF021F02-5373-4EC4-B636-B93ADB45BF5D}.Release|Any CPU.ActiveCfg = Release|Any CPU
		{BF021F02-5373-4EC4-B636-B93ADB45BF5D}.Release|Any CPU.Build.0 = Release|Any CPU
		{9E304784-5740-4EC4-9C26-A336D1719CEA}.Debug|Any CPU.ActiveCfg = Debug|Any CPU
		{9E304784-5740-4EC4-9C26-A336D1719CEA}.Debug|Any CPU.Build.0 = Debug|Any CPU
		{9E304784-5740-4EC4-9C26-A336D1719CEA}.Release|Any CPU.ActiveCfg = Release|Any CPU
		{9E304784-5740-4EC4-9C26-A336D1719CEA}.Release|Any CPU.Build.0 = Release|Any CPU
		{F3789AE2-EA80-432F-838D-ABA3D9DFE648}.Debug|Any CPU.ActiveCfg = Debug|Any CPU
		{F3789AE2-EA80-432F-838D-ABA3D9DFE648}.Debug|Any CPU.Build.0 = Debug|Any CPU
		{F3789AE2-EA80-432F-838D-ABA3D9DFE648}.Release|Any CPU.ActiveCfg = Release|Any CPU
		{F3789AE2-EA80-432F-838D-ABA3D9DFE648}.Release|Any CPU.Build.0 = Release|Any CPU
		{10607254-168F-403F-BAD0-1F0881B8DA3D}.Debug|Any CPU.ActiveCfg = Debug|Any CPU
		{10607254-168F-403F-BAD0-1F0881B8DA3D}.Debug|Any CPU.Build.0 = Debug|Any CPU
		{10607254-168F-403F-BAD0-1F0881B8DA3D}.Release|Any CPU.ActiveCfg = Release|Any CPU
		{10607254-168F-403F-BAD0-1F0881B8DA3D}.Release|Any CPU.Build.0 = Release|Any CPU
	EndGlobalSection
	GlobalSection(SolutionProperties) = preSolution
		HideSolutionNode = FALSE
	EndGlobalSection
	GlobalSection(NestedProjects) = preSolution
		{BF021F02-5373-4EC4-B636-B93ADB45BF5D} = {79CBA39D-A56E-437B-BDF3-CD8F16214EDB}
		{AEF5A842-CD12-4DBC-93D7-98BA803B69DD} = {D65436F7-FE43-4DAD-BB8C-5C665564514E}
		{79CBA39D-A56E-437B-BDF3-CD8F16214EDB} = {AEF5A842-CD12-4DBC-93D7-98BA803B69DD}
		{3129C519-6B7C-4FBA-B883-6A9BDB7C995C} = {2A5CE447-927F-4AA3-A875-2D906A2955E8}
		{7487EAB2-1114-49A9-B3AD-6E0716876303} = {2A5CE447-927F-4AA3-A875-2D906A2955E8}
		{E6F8B440-2DB8-422D-B009-540E92ADC029} = {47F840CB-7543-474A-A634-214549FC6EE3}
		{9E304784-5740-4EC4-9C26-A336D1719CEA} = {3129C519-6B7C-4FBA-B883-6A9BDB7C995C}
		{F3789AE2-EA80-432F-838D-ABA3D9DFE648} = {7487EAB2-1114-49A9-B3AD-6E0716876303}
		{10607254-168F-403F-BAD0-1F0881B8DA3D} = {E6F8B440-2DB8-422D-B009-540E92ADC029}
		{6750E0EB-F884-4698-BBDD-6B0C2637064A} = {47F840CB-7543-474A-A634-214549FC6EE3}
	EndGlobalSection
	GlobalSection(ExtensibilityGlobals) = postSolution
		SolutionGuid = {32B4CC73-F263-478B-A1CC-5DF3E5D59591}
	EndGlobalSection
EndGlobal
